{
  "name": "koa-mongo-db",
  "version": "0.1.0",
  "dependencies": {
    "bluebird": {
      "version": "2.9.9",
      "from": "bluebird@2.9.9",
      "resolved": "https://registry.npmjs.org/bluebird/-/bluebird-2.9.9.tgz"
    },
    "local-config": {
      "version": "0.1.0",
      "from": "local-config@0.1.0"
    },
    "mongodb": {
      "version": "1.4.31",
      "from": "mongodb@1.4.31",
      "resolved": "https://registry.npmjs.org/mongodb/-/mongodb-1.4.31.tgz",
      "dependencies": {
        "bson": {
          "version": "0.2.19",
          "from": "bson@>=0.2.0 <0.3.0",
          "resolved": "https://registry.npmjs.org/bson/-/bson-0.2.19.tgz",
          "dependencies": {
            "nan": {
              "version": "1.6.2",
              "from": "nan@1.6.2",
              "resolved": "https://registry.npmjs.org/nan/-/nan-1.6.2.tgz"
            }
          }
        },
        "kerberos": {
          "version": "0.0.9",
          "from": "kerberos@0.0.9",
          "resolved": "https://registry.npmjs.org/kerberos/-/kerberos-0.0.9.tgz",
          "dependencies": {
            "nan": {
              "version": "1.6.2",
              "from": "nan@1.6.2",
              "resolved": "https://registry.npmjs.org/nan/-/nan-1.6.2.tgz"
            }
          }
        },
        "readable-stream": {
          "version": "1.0.33",
          "from": "readable-stream@latest",
          "resolved": "https://registry.npmjs.org/readable-stream/-/readable-stream-1.0.33.tgz",
          "dependencies": {
            "core-util-is": {
              "version": "1.0.1",
              "from": "core-util-is@>=1.0.0 <1.1.0",
              "resolved": "https://registry.npmjs.org/core-util-is/-/core-util-is-1.0.1.tgz"
            },
            "isarray": {
              "version": "0.0.1",
              "from": "isarray@0.0.1"
            },
            "string_decoder": {
              "version": "0.10.31",
              "from": "string_decoder@>=0.10.0 <0.11.0",
              "resolved": "https://registry.npmjs.org/string_decoder/-/string_decoder-0.10.31.tgz"
            },
            "inherits": {
              "version": "2.0.1",
              "from": "inherits@>=2.0.1 <2.1.0"
            }
          }
        }
      }
    }
  }
}
